
Microsoft Visual Studio Solution File, Format Version 12.00
# Visual Studio Version 17
VisualStudioVersion = 17.5.33414.496
MinimumVisualStudioVersion = 10.0.40219.1
Project("{9A19103F-16F7-4668-BE54-9A1E7A4F7556}") = "SneakerInventory", "SneakerInventory.csproj", "{9C84EA4C-E8D6-4840-906E-077474D393C2}"
EndProject
Project("{00D1A9C2-B5F0-4AF3-8072-F6C62B433612}") = "SneakerDB", "..\SneakerDB\SneakerDB.sqlproj", "{A4666442-0C29-4BA3-B4CB-4387FA053C6E}"
EndProject
Project("{9A19103F-16F7-4668-BE54-9A1E7A4F7556}") = "TestUI", "..\TestUI\TestUI.csproj", "{B3C025BC-57D8-4A0B-8972-9BBD8F7301C3}"
EndProject
Project("{FAE04EC0-301F-11D3-BF4B-00C04F79EFBC}") = "Angular UI", "..\Angular UI\Angular UI.csproj", "{D243D2B4-17F1-4C64-82B2-3CE3B8A4B715}"
EndProject
Global
	GlobalSection(SolutionConfigurationPlatforms) = preSolution
		Debug|Any CPU = Debug|Any CPU
		Release|Any CPU = Release|Any CPU
	EndGlobalSection
	GlobalSection(ProjectConfigurationPlatforms) = postSolution
		{9C84EA4C-E8D6-4840-906E-077474D393C2}.Debug|Any CPU.ActiveCfg = Debug|Any CPU
		{9C84EA4C-E8D6-4840-906E-077474D393C2}.Debug|Any CPU.Build.0 = Debug|Any CPU
		{9C84EA4C-E8D6-4840-906E-077474D393C2}.Release|Any CPU.ActiveCfg = Release|Any CPU
		{9C84EA4C-E8D6-4840-906E-077474D393C2}.Release|Any CPU.Build.0 = Release|Any CPU
		{A4666442-0C29-4BA3-B4CB-4387FA053C6E}.Debug|Any CPU.ActiveCfg = Debug|Any CPU
		{A4666442-0C29-4BA3-B4CB-4387FA053C6E}.Debug|Any CPU.Build.0 = Debug|Any CPU
		{A4666442-0C29-4BA3-B4CB-4387FA053C6E}.Debug|Any CPU.Deploy.0 = Debug|Any CPU
		{A4666442-0C29-4BA3-B4CB-4387FA053C6E}.Release|Any CPU.ActiveCfg = Release|Any CPU
		{A4666442-0C29-4BA3-B4CB-4387FA053C6E}.Release|Any CPU.Build.0 = Release|Any CPU
		{A4666442-0C29-4BA3-B4CB-4387FA053C6E}.Release|Any CPU.Deploy.0 = Release|Any CPU
		{B3C025BC-57D8-4A0B-8972-9BBD8F7301C3}.Debug|Any CPU.ActiveCfg = Debug|Any CPU
		{B3C025BC-57D8-4A0B-8972-9BBD8F7301C3}.Debug|Any CPU.Build.0 = Debug|Any CPU
		{B3C025BC-57D8-4A0B-8972-9BBD8F7301C3}.Release|Any CPU.ActiveCfg = Release|Any CPU
		{B3C025BC-57D8-4A0B-8972-9BBD8F7301C3}.Release|Any CPU.Build.0 = Release|Any CPU
		{D243D2B4-17F1-4C64-82B2-3CE3B8A4B715}.Debug|Any CPU.ActiveCfg = Debug|Any CPU
		{D243D2B4-17F1-4C64-82B2-3CE3B8A4B715}.Debug|Any CPU.Build.0 = Debug|Any CPU
		{D243D2B4-17F1-4C64-82B2-3CE3B8A4B715}.Release|Any CPU.ActiveCfg = Release|Any CPU
		{D243D2B4-17F1-4C64-82B2-3CE3B8A4B715}.Release|Any CPU.Build.0 = Release|Any CPU
	EndGlobalSection
	GlobalSection(SolutionProperties) = preSolution
		HideSolutionNode = FALSE
	EndGlobalSection
	GlobalSection(ExtensibilityGlobals) = postSolution
		SolutionGuid = {97BB9829-8220-45F8-9F99-0AAC4EBF3BD0}
	EndGlobalSection
EndGlobal
